
Microsoft Visual Studio Solution File, Format Version 12.00
# Visual Studio Version 17
VisualStudioVersion = 17.8.34525.116
MinimumVisualStudioVersion = 10.0.40219.1
Project("{FAE04EC0-301F-11D3-BF4B-00C04F79EFBC}") = "LotteryFinalV3-promptfix", "LotteryFinalV3-promptfix\LotteryFinalV3-promptfix.csproj", "{A90478CC-077A-4398-906F-611F70E4B9BC}"
EndProject
Global
	GlobalSection(SolutionConfigurationPlatforms) = preSolution
		Debug|Any CPU = Debug|Any CPU
		Release|Any CPU = Release|Any CPU
	EndGlobalSection
	GlobalSection(ProjectConfigurationPlatforms) = postSolution
		{A90478CC-077A-4398-906F-611F70E4B9BC}.Debug|Any CPU.ActiveCfg = Debug|Any CPU
		{A90478CC-077A-4398-906F-611F70E4B9BC}.Debug|Any CPU.Build.0 = Debug|Any CPU
		{A90478CC-077A-4398-906F-611F70E4B9BC}.Release|Any CPU.ActiveCfg = Release|Any CPU
		{A90478CC-077A-4398-906F-611F70E4B9BC}.Release|Any CPU.Build.0 = Release|Any CPU
	EndGlobalSection
	GlobalSection(SolutionProperties) = preSolution
		HideSolutionNode = FALSE
	EndGlobalSection
	GlobalSection(ExtensibilityGlobals) = postSolution
		SolutionGuid = {6CC75981-8E43-41A5-87AC-89FBDFFD3DE9}
	EndGlobalSection
EndGlobal
